// !$*UTF8*$!
{
	archiveVersion = 1;
	classes = {
	};
	objectVersion = 46;
	objects = {

/* Begin PBXBuildFile section */
		9A19BBD41B82A2FC00D75786 /* SettingHeaderView.swift in Sources */ = {isa = PBXBuildFile; fileRef = 9A19BBD21B82A2FC00D75786 /* SettingHeaderView.swift */; };
		9A19BBD51B82A2FC00D75786 /* SettingHeaderView.xib in Resources */ = {isa = PBXBuildFile; fileRef = 9A19BBD31B82A2FC00D75786 /* SettingHeaderView.xib */; };
		9A6C75CE1B86952200956212 /* PhotoCollectionViewController.swift in Sources */ = {isa = PBXBuildFile; fileRef = 9A6C75CD1B86952200956212 /* PhotoCollectionViewController.swift */; };
		9AB976571B80AEA50079A194 /* FavoriteCollectionViewController+DZNEmptyDataSet.swift in Sources */ = {isa = PBXBuildFile; fileRef = 9AB976561B80AEA50079A194 /* FavoriteCollectionViewController+DZNEmptyDataSet.swift */; };
		9AB976591B80AF2C0079A194 /* DZNEmptyDataSet.framework in Frameworks */ = {isa = PBXBuildFile; fileRef = 9AB976581B80AF2C0079A194 /* DZNEmptyDataSet.framework */; };
		9AB9765F1B8159490079A194 /* SettingCollectionViewController.swift in Sources */ = {isa = PBXBuildFile; fileRef = 9AB9765D1B8159490079A194 /* SettingCollectionViewController.swift */; };
		9AB976601B8159490079A194 /* SettingCollectionViewController.xib in Resources */ = {isa = PBXBuildFile; fileRef = 9AB9765E1B8159490079A194 /* SettingCollectionViewController.xib */; };
		9AB976641B8159760079A194 /* SettingCollectionViewCell.swift in Sources */ = {isa = PBXBuildFile; fileRef = 9AB976621B8159760079A194 /* SettingCollectionViewCell.swift */; };
		9AB976651B8159760079A194 /* SettingCollectionViewCell.xib in Resources */ = {isa = PBXBuildFile; fileRef = 9AB976631B8159760079A194 /* SettingCollectionViewCell.xib */; };
		9AB9766B1B8192A70079A194 /* UIImage+Image2String.swift in Sources */ = {isa = PBXBuildFile; fileRef = 9AB9766A1B8192A70079A194 /* UIImage+Image2String.swift */; };
		9AB9766E1B8194180079A194 /* String+String2Image.swift in Sources */ = {isa = PBXBuildFile; fileRef = 9AB9766D1B8194180079A194 /* String+String2Image.swift */; };
		9AE22D5A1B7ED1430024E221 /* AppDelegate.swift in Sources */ = {isa = PBXBuildFile; fileRef = 9AE22D591B7ED1430024E221 /* AppDelegate.swift */; };
		9AE22D5F1B7ED1430024E221 /* Main.storyboard in Resources */ = {isa = PBXBuildFile; fileRef = 9AE22D5D1B7ED1430024E221 /* Main.storyboard */; };
		9AE22D611B7ED1430024E221 /* Images.xcassets in Resources */ = {isa = PBXBuildFile; fileRef = 9AE22D601B7ED1430024E221 /* Images.xcassets */; };
		9AE22D641B7ED1430024E221 /* LaunchScreen.xib in Resources */ = {isa = PBXBuildFile; fileRef = 9AE22D621B7ED1430024E221 /* LaunchScreen.xib */; };
		9AE22D701B7ED1430024E221 /* NekobuTests.swift in Sources */ = {isa = PBXBuildFile; fileRef = 9AE22D6F1B7ED1430024E221 /* NekobuTests.swift */; };
		9AE22D7B1B7ED41D0024E221 /* SwiftyJSON.framework in Frameworks */ = {isa = PBXBuildFile; fileRef = 9AE22D791B7ED41D0024E221 /* SwiftyJSON.framework */; };
		9AE22D7C1B7ED41D0024E221 /* Alamofire.framework in Frameworks */ = {isa = PBXBuildFile; fileRef = 9AE22D7A1B7ED41D0024E221 /* Alamofire.framework */; };
		9AE22D811B7ED77A0024E221 /* Config.swift in Sources */ = {isa = PBXBuildFile; fileRef = 9AE22D801B7ED77A0024E221 /* Config.swift */; };
		9AE22D881B7EE69A0024E221 /* TopCollectionViewController.swift in Sources */ = {isa = PBXBuildFile; fileRef = 9AE22D871B7EE69A0024E221 /* TopCollectionViewController.swift */; };
		9AE22D8C1B7EE6BF0024E221 /* TopCollectionViewCell.swift in Sources */ = {isa = PBXBuildFile; fileRef = 9AE22D8A1B7EE6BF0024E221 /* TopCollectionViewCell.swift */; };
		9AE22D8D1B7EE6BF0024E221 /* TopCollectionViewCell.xib in Resources */ = {isa = PBXBuildFile; fileRef = 9AE22D8B1B7EE6BF0024E221 /* TopCollectionViewCell.xib */; };
		9AE22D911B7EE7660024E221 /* UICollectionView+NibSetting.swift in Sources */ = {isa = PBXBuildFile; fileRef = 9AE22D901B7EE7660024E221 /* UICollectionView+NibSetting.swift */; };
		9AE22D931B7EE8620024E221 /* BaseCollectionViewController.swift in Sources */ = {isa = PBXBuildFile; fileRef = 9AE22D921B7EE8620024E221 /* BaseCollectionViewController.swift */; };
		9AE22D971B7EFA360024E221 /* CAPSPageMenu.swift in Sources */ = {isa = PBXBuildFile; fileRef = 9AE22D961B7EFA360024E221 /* CAPSPageMenu.swift */; };
		9AE22D9A1B7EFA610024E221 /* PageMenuViewController.swift in Sources */ = {isa = PBXBuildFile; fileRef = 9AE22D991B7EFA610024E221 /* PageMenuViewController.swift */; };
		9AE22D9D1B7EFB070024E221 /* Color.swift in Sources */ = {isa = PBXBuildFile; fileRef = 9AE22D9C1B7EFB070024E221 /* Color.swift */; };
		9AE22D9F1B7EFB7D0024E221 /* TopCollectionViewController.xib in Resources */ = {isa = PBXBuildFile; fileRef = 9AE22D9E1B7EFB7D0024E221 /* TopCollectionViewController.xib */; };
		9AE22DA31B7F01690024E221 /* WebImage.framework in Frameworks */ = {isa = PBXBuildFile; fileRef = 9AE22DA21B7F01690024E221 /* WebImage.framework */; };
		9AE22DA61B7F04180024E221 /* Media.swift in Sources */ = {isa = PBXBuildFile; fileRef = 9AE22DA51B7F04180024E221 /* Media.swift */; };
		9AE22DAA1B7F0ABA0024E221 /* FavoriteCollectionViewController.swift in Sources */ = {isa = PBXBuildFile; fileRef = 9AE22DA81B7F0ABA0024E221 /* FavoriteCollectionViewController.swift */; };
		9AE22DAB1B7F0ABA0024E221 /* FavoriteCollectionViewController.xib in Resources */ = {isa = PBXBuildFile; fileRef = 9AE22DA91B7F0ABA0024E221 /* FavoriteCollectionViewController.xib */; };
		9AE22DB01B7F0B270024E221 /* FavoriteCollectionViewCell.swift in Sources */ = {isa = PBXBuildFile; fileRef = 9AE22DAE1B7F0B270024E221 /* FavoriteCollectionViewCell.swift */; };
		9AE22DB11B7F0B270024E221 /* FavoriteCollectionViewCell.xib in Resources */ = {isa = PBXBuildFile; fileRef = 9AE22DAF1B7F0B270024E221 /* FavoriteCollectionViewCell.xib */; };
		9AE22DB41B7F167D0024E221 /* BlurredBackgroundPresentationController.swift in Sources */ = {isa = PBXBuildFile; fileRef = 9AE22DB31B7F167D0024E221 /* BlurredBackgroundPresentationController.swift */; };
		9AE22DB71B7F22530024E221 /* PhotoDetailViewController.swift in Sources */ = {isa = PBXBuildFile; fileRef = 9AE22DB51B7F22530024E221 /* PhotoDetailViewController.swift */; };
		9AE22DB81B7F22530024E221 /* PhotoDetailViewController.xib in Resources */ = {isa = PBXBuildFile; fileRef = 9AE22DB61B7F22530024E221 /* PhotoDetailViewController.xib */; };
		9AE22DBF1B7F32CF0024E221 /* PresentationManager.swift in Sources */ = {isa = PBXBuildFile; fileRef = 9AE22DBE1B7F32CF0024E221 /* PresentationManager.swift */; };
		9AE22DC11B7F32FA0024E221 /* TransitionPresentationAnimator.swift in Sources */ = {isa = PBXBuildFile; fileRef = 9AE22DC01B7F32FA0024E221 /* TransitionPresentationAnimator.swift */; };
		9AE22DC31B7F33170024E221 /* TransitionDismissAnimator.swift in Sources */ = {isa = PBXBuildFile; fileRef = 9AE22DC21B7F33170024E221 /* TransitionDismissAnimator.swift */; };
		9AE22DC61B7F36050024E221 /* ImageView+SDWebImage.swift in Sources */ = {isa = PBXBuildFile; fileRef = 9AE22DC51B7F36050024E221 /* ImageView+SDWebImage.swift */; };
		9AE22DCA1B7F37CA0024E221 /* SwiftyJSON+Request.swift in Sources */ = {isa = PBXBuildFile; fileRef = 9AE22DC91B7F37CA0024E221 /* SwiftyJSON+Request.swift */; };
		9AE22DCD1B7F513D0024E221 /* PageMenuConstraint.swift in Sources */ = {isa = PBXBuildFile; fileRef = 9AE22DCC1B7F513D0024E221 /* PageMenuConstraint.swift */; };
		9AE22DCF1B7F67700024E221 /* Pagination.swift in Sources */ = {isa = PBXBuildFile; fileRef = 9AE22DCE1B7F67700024E221 /* Pagination.swift */; };
		9AE22DD11B8018510024E221 /* Video.swift in Sources */ = {isa = PBXBuildFile; fileRef = 9AE22DD01B8018510024E221 /* Video.swift */; };
		9AE22DD41B8021AD0024E221 /* Realm.framework in Frameworks */ = {isa = PBXBuildFile; fileRef = 9AE22DD21B8021AD0024E221 /* Realm.framework */; };
		9AE22DD51B8021AD0024E221 /* RealmSwift.framework in Frameworks */ = {isa = PBXBuildFile; fileRef = 9AE22DD31B8021AD0024E221 /* RealmSwift.framework */; };
		9AE22DD71B8022130024E221 /* Favorite.swift in Sources */ = {isa = PBXBuildFile; fileRef = 9AE22DD61B8022130024E221 /* Favorite.swift */; };
		9AE22DDA1B8046C60024E221 /* UIButton+AnimationExtension.swift in Sources */ = {isa = PBXBuildFile; fileRef = 9AE22DD91B8046C60024E221 /* UIButton+AnimationExtension.swift */; };
		E51D539D850DA8B6FDFCBCB0 /* libPods.a in Frameworks */ = {isa = PBXBuildFile; fileRef = D8423A87BA27069615DAC24C /* libPods.a */; };
/* End PBXBuildFile section */

/* Begin PBXContainerItemProxy section */
		9AE22D6A1B7ED1430024E221 /* PBXContainerItemProxy */ = {
			isa = PBXContainerItemProxy;
			containerPortal = 9AE22D4C1B7ED1420024E221 /* Project object */;
			proxyType = 1;
			remoteGlobalIDString = 9AE22D531B7ED1420024E221;
			remoteInfo = Nekobu;
		};
/* End PBXContainerItemProxy section */

/* Begin PBXFileReference section */
		07FDB047653FF62FC9653927 /* Pods.debug.xcconfig */ = {isa = PBXFileReference; includeInIndex = 1; lastKnownFileType = text.xcconfig; name = Pods.debug.xcconfig; path = "Pods/Target Support Files/Pods/Pods.debug.xcconfig"; sourceTree = "<group>"; };
		31F9B4C17813FC45BEC8DD84 /* Pods.release.xcconfig */ = {isa = PBXFileReference; includeInIndex = 1; lastKnownFileType = text.xcconfig; name = Pods.release.xcconfig; path = "Pods/Target Support Files/Pods/Pods.release.xcconfig"; sourceTree = "<group>"; };
		9A19BBD21B82A2FC00D75786 /* SettingHeaderView.swift */ = {isa = PBXFileReference; fileEncoding = 4; lastKnownFileType = sourcecode.swift; path = SettingHeaderView.swift; sourceTree = "<group>"; };
		9A19BBD31B82A2FC00D75786 /* SettingHeaderView.xib */ = {isa = PBXFileReference; fileEncoding = 4; lastKnownFileType = file.xib; path = SettingHeaderView.xib; sourceTree = "<group>"; };
		9A6C75CD1B86952200956212 /* PhotoCollectionViewController.swift */ = {isa = PBXFileReference; fileEncoding = 4; lastKnownFileType = sourcecode.swift; path = PhotoCollectionViewController.swift; sourceTree = "<group>"; };
		9AB976561B80AEA50079A194 /* FavoriteCollectionViewController+DZNEmptyDataSet.swift */ = {isa = PBXFileReference; fileEncoding = 4; lastKnownFileType = sourcecode.swift; path = "FavoriteCollectionViewController+DZNEmptyDataSet.swift"; sourceTree = "<group>"; };
		9AB976581B80AF2C0079A194 /* DZNEmptyDataSet.framework */ = {isa = PBXFileReference; lastKnownFileType = wrapper.framework; name = DZNEmptyDataSet.framework; path = ../Carthage/Build/iOS/DZNEmptyDataSet.framework; sourceTree = "<group>"; };
		9AB9765D1B8159490079A194 /* SettingCollectionViewController.swift */ = {isa = PBXFileReference; fileEncoding = 4; lastKnownFileType = sourcecode.swift; path = SettingCollectionViewController.swift; sourceTree = "<group>"; };
		9AB9765E1B8159490079A194 /* SettingCollectionViewController.xib */ = {isa = PBXFileReference; fileEncoding = 4; lastKnownFileType = file.xib; path = SettingCollectionViewController.xib; sourceTree = "<group>"; };
		9AB976621B8159760079A194 /* SettingCollectionViewCell.swift */ = {isa = PBXFileReference; fileEncoding = 4; lastKnownFileType = sourcecode.swift; path = SettingCollectionViewCell.swift; sourceTree = "<group>"; };
		9AB976631B8159760079A194 /* SettingCollectionViewCell.xib */ = {isa = PBXFileReference; fileEncoding = 4; lastKnownFileType = file.xib; path = SettingCollectionViewCell.xib; sourceTree = "<group>"; };
		9AB976661B81896A0079A194 /* Nekobu-Bridging-Header.h */ = {isa = PBXFileReference; lastKnownFileType = sourcecode.c.h; path = "Nekobu-Bridging-Header.h"; sourceTree = "<group>"; };
		9AB9766A1B8192A70079A194 /* UIImage+Image2String.swift */ = {isa = PBXFileReference; fileEncoding = 4; lastKnownFileType = sourcecode.swift; path = "UIImage+Image2String.swift"; sourceTree = "<group>"; };
		9AB9766D1B8194180079A194 /* String+String2Image.swift */ = {isa = PBXFileReference; fileEncoding = 4; lastKnownFileType = sourcecode.swift; path = "String+String2Image.swift"; sourceTree = "<group>"; };
		9AE22D541B7ED1430024E221 /* Nekobu.app */ = {isa = PBXFileReference; explicitFileType = wrapper.application; includeInIndex = 0; path = Nekobu.app; sourceTree = BUILT_PRODUCTS_DIR; };
		9AE22D581B7ED1430024E221 /* Info.plist */ = {isa = PBXFileReference; lastKnownFileType = text.plist.xml; path = Info.plist; sourceTree = "<group>"; };
		9AE22D591B7ED1430024E221 /* AppDelegate.swift */ = {isa = PBXFileReference; lastKnownFileType = sourcecode.swift; path = AppDelegate.swift; sourceTree = "<group>"; };
		9AE22D5E1B7ED1430024E221 /* Base */ = {isa = PBXFileReference; lastKnownFileType = file.storyboard; name = Base; path = Base.lproj/Main.storyboard; sourceTree = "<group>"; };
		9AE22D601B7ED1430024E221 /* Images.xcassets */ = {isa = PBXFileReference; lastKnownFileType = folder.assetcatalog; path = Images.xcassets; sourceTree = "<group>"; };
		9AE22D631B7ED1430024E221 /* Base */ = {isa = PBXFileReference; lastKnownFileType = file.xib; name = Base; path = Base.lproj/LaunchScreen.xib; sourceTree = "<group>"; };
		9AE22D691B7ED1430024E221 /* NekobuTests.xctest */ = {isa = PBXFileReference; explicitFileType = wrapper.cfbundle; includeInIndex = 0; path = NekobuTests.xctest; sourceTree = BUILT_PRODUCTS_DIR; };
		9AE22D6E1B7ED1430024E221 /* Info.plist */ = {isa = PBXFileReference; lastKnownFileType = text.plist.xml; path = Info.plist; sourceTree = "<group>"; };
		9AE22D6F1B7ED1430024E221 /* NekobuTests.swift */ = {isa = PBXFileReference; lastKnownFileType = sourcecode.swift; path = NekobuTests.swift; sourceTree = "<group>"; };
		9AE22D791B7ED41D0024E221 /* SwiftyJSON.framework */ = {isa = PBXFileReference; lastKnownFileType = wrapper.framework; name = SwiftyJSON.framework; path = ../Carthage/Build/iOS/SwiftyJSON.framework; sourceTree = "<group>"; };
		9AE22D7A1B7ED41D0024E221 /* Alamofire.framework */ = {isa = PBXFileReference; lastKnownFileType = wrapper.framework; name = Alamofire.framework; path = ../Carthage/Build/iOS/Alamofire.framework; sourceTree = "<group>"; };
		9AE22D801B7ED77A0024E221 /* Config.swift */ = {isa = PBXFileReference; fileEncoding = 4; lastKnownFileType = sourcecode.swift; path = Config.swift; sourceTree = "<group>"; };
		9AE22D871B7EE69A0024E221 /* TopCollectionViewController.swift */ = {isa = PBXFileReference; fileEncoding = 4; lastKnownFileType = sourcecode.swift; path = TopCollectionViewController.swift; sourceTree = "<group>"; };
		9AE22D8A1B7EE6BF0024E221 /* TopCollectionViewCell.swift */ = {isa = PBXFileReference; fileEncoding = 4; lastKnownFileType = sourcecode.swift; path = TopCollectionViewCell.swift; sourceTree = "<group>"; };
		9AE22D8B1B7EE6BF0024E221 /* TopCollectionViewCell.xib */ = {isa = PBXFileReference; fileEncoding = 4; lastKnownFileType = file.xib; path = TopCollectionViewCell.xib; sourceTree = "<group>"; };
		9AE22D901B7EE7660024E221 /* UICollectionView+NibSetting.swift */ = {isa = PBXFileReference; fileEncoding = 4; lastKnownFileType = sourcecode.swift; path = "UICollectionView+NibSetting.swift"; sourceTree = "<group>"; };
		9AE22D921B7EE8620024E221 /* BaseCollectionViewController.swift */ = {isa = PBXFileReference; fileEncoding = 4; lastKnownFileType = sourcecode.swift; path = BaseCollectionViewController.swift; sourceTree = "<group>"; };
		9AE22D961B7EFA360024E221 /* CAPSPageMenu.swift */ = {isa = PBXFileReference; fileEncoding = 4; lastKnownFileType = sourcecode.swift; path = CAPSPageMenu.swift; sourceTree = "<group>"; };
		9AE22D991B7EFA610024E221 /* PageMenuViewController.swift */ = {isa = PBXFileReference; fileEncoding = 4; lastKnownFileType = sourcecode.swift; path = PageMenuViewController.swift; sourceTree = "<group>"; };
		9AE22D9C1B7EFB070024E221 /* Color.swift */ = {isa = PBXFileReference; fileEncoding = 4; lastKnownFileType = sourcecode.swift; path = Color.swift; sourceTree = "<group>"; };
		9AE22D9E1B7EFB7D0024E221 /* TopCollectionViewController.xib */ = {isa = PBXFileReference; fileEncoding = 4; lastKnownFileType = file.xib; path = TopCollectionViewController.xib; sourceTree = "<group>"; };
		9AE22DA21B7F01690024E221 /* WebImage.framework */ = {isa = PBXFileReference; lastKnownFileType = wrapper.framework; name = WebImage.framework; path = ../Carthage/Build/iOS/WebImage.framework; sourceTree = "<group>"; };
		9AE22DA51B7F04180024E221 /* Media.swift */ = {isa = PBXFileReference; fileEncoding = 4; lastKnownFileType = sourcecode.swift; path = Media.swift; sourceTree = "<group>"; };
		9AE22DA81B7F0ABA0024E221 /* FavoriteCollectionViewController.swift */ = {isa = PBXFileReference; fileEncoding = 4; lastKnownFileType = sourcecode.swift; path = FavoriteCollectionViewController.swift; sourceTree = "<group>"; };
		9AE22DA91B7F0ABA0024E221 /* FavoriteCollectionViewController.xib */ = {isa = PBXFileReference; fileEncoding = 4; lastKnownFileType = file.xib; path = FavoriteCollectionViewController.xib; sourceTree = "<group>"; };
		9AE22DAE1B7F0B270024E221 /* FavoriteCollectionViewCell.swift */ = {isa = PBXFileReference; fileEncoding = 4; lastKnownFileType = sourcecode.swift; path = FavoriteCollectionViewCell.swift; sourceTree = "<group>"; };
		9AE22DAF1B7F0B270024E221 /* FavoriteCollectionViewCell.xib */ = {isa = PBXFileReference; fileEncoding = 4; lastKnownFileType = file.xib; path = FavoriteCollectionViewCell.xib; sourceTree = "<group>"; };
		9AE22DB31B7F167D0024E221 /* BlurredBackgroundPresentationController.swift */ = {isa = PBXFileReference; fileEncoding = 4; lastKnownFileType = sourcecode.swift; path = BlurredBackgroundPresentationController.swift; sourceTree = "<group>"; };
		9AE22DB51B7F22530024E221 /* PhotoDetailViewController.swift */ = {isa = PBXFileReference; fileEncoding = 4; lastKnownFileType = sourcecode.swift; path = PhotoDetailViewController.swift; sourceTree = "<group>"; };
		9AE22DB61B7F22530024E221 /* PhotoDetailViewController.xib */ = {isa = PBXFileReference; fileEncoding = 4; lastKnownFileType = file.xib; path = PhotoDetailViewController.xib; sourceTree = "<group>"; };
		9AE22DBE1B7F32CF0024E221 /* PresentationManager.swift */ = {isa = PBXFileReference; fileEncoding = 4; lastKnownFileType = sourcecode.swift; path = PresentationManager.swift; sourceTree = "<group>"; };
		9AE22DC01B7F32FA0024E221 /* TransitionPresentationAnimator.swift */ = {isa = PBXFileReference; fileEncoding = 4; lastKnownFileType = sourcecode.swift; path = TransitionPresentationAnimator.swift; sourceTree = "<group>"; };
		9AE22DC21B7F33170024E221 /* TransitionDismissAnimator.swift */ = {isa = PBXFileReference; fileEncoding = 4; lastKnownFileType = sourcecode.swift; path = TransitionDismissAnimator.swift; sourceTree = "<group>"; };
		9AE22DC51B7F36050024E221 /* ImageView+SDWebImage.swift */ = {isa = PBXFileReference; fileEncoding = 4; lastKnownFileType = sourcecode.swift; path = "ImageView+SDWebImage.swift"; sourceTree = "<group>"; };
		9AE22DC91B7F37CA0024E221 /* SwiftyJSON+Request.swift */ = {isa = PBXFileReference; fileEncoding = 4; lastKnownFileType = sourcecode.swift; path = "SwiftyJSON+Request.swift"; sourceTree = "<group>"; };
		9AE22DCC1B7F513D0024E221 /* PageMenuConstraint.swift */ = {isa = PBXFileReference; fileEncoding = 4; lastKnownFileType = sourcecode.swift; path = PageMenuConstraint.swift; sourceTree = "<group>"; };
		9AE22DCE1B7F67700024E221 /* Pagination.swift */ = {isa = PBXFileReference; fileEncoding = 4; lastKnownFileType = sourcecode.swift; path = Pagination.swift; sourceTree = "<group>"; };
		9AE22DD01B8018510024E221 /* Video.swift */ = {isa = PBXFileReference; fileEncoding = 4; lastKnownFileType = sourcecode.swift; path = Video.swift; sourceTree = "<group>"; };
		9AE22DD21B8021AD0024E221 /* Realm.framework */ = {isa = PBXFileReference; lastKnownFileType = wrapper.framework; name = Realm.framework; path = ../Carthage/Build/iOS/Realm.framework; sourceTree = "<group>"; };
		9AE22DD31B8021AD0024E221 /* RealmSwift.framework */ = {isa = PBXFileReference; lastKnownFileType = wrapper.framework; name = RealmSwift.framework; path = ../Carthage/Build/iOS/RealmSwift.framework; sourceTree = "<group>"; };
		9AE22DD61B8022130024E221 /* Favorite.swift */ = {isa = PBXFileReference; fileEncoding = 4; lastKnownFileType = sourcecode.swift; path = Favorite.swift; sourceTree = "<group>"; };
		9AE22DD91B8046C60024E221 /* UIButton+AnimationExtension.swift */ = {isa = PBXFileReference; fileEncoding = 4; lastKnownFileType = sourcecode.swift; path = "UIButton+AnimationExtension.swift"; sourceTree = "<group>"; };
		D8423A87BA27069615DAC24C /* libPods.a */ = {isa = PBXFileReference; explicitFileType = archive.ar; includeInIndex = 0; path = libPods.a; sourceTree = BUILT_PRODUCTS_DIR; };
/* End PBXFileReference section */

/* Begin PBXFrameworksBuildPhase section */
		9AE22D511B7ED1420024E221 /* Frameworks */ = {
			isa = PBXFrameworksBuildPhase;
			buildActionMask = 2147483647;
			files = (
				9AE22D7B1B7ED41D0024E221 /* SwiftyJSON.framework in Frameworks */,
				9AE22D7C1B7ED41D0024E221 /* Alamofire.framework in Frameworks */,
				9AE22DA31B7F01690024E221 /* WebImage.framework in Frameworks */,
				9AE22DD41B8021AD0024E221 /* Realm.framework in Frameworks */,
				9AE22DD51B8021AD0024E221 /* RealmSwift.framework in Frameworks */,
				9AB976591B80AF2C0079A194 /* DZNEmptyDataSet.framework in Frameworks */,
				E51D539D850DA8B6FDFCBCB0 /* libPods.a in Frameworks */,
			);
			runOnlyForDeploymentPostprocessing = 0;
		};
		9AE22D661B7ED1430024E221 /* Frameworks */ = {
			isa = PBXFrameworksBuildPhase;
			buildActionMask = 2147483647;
			files = (
			);
			runOnlyForDeploymentPostprocessing = 0;
		};
/* End PBXFrameworksBuildPhase section */

/* Begin PBXGroup section */
		31C41909A3CCCE52B457CED6 /* Frameworks */ = {
			isa = PBXGroup;
			children = (
				D8423A87BA27069615DAC24C /* libPods.a */,
			);
			name = Frameworks;
			sourceTree = "<group>";
		};
		9AB9765A1B8158C70079A194 /* Setting */ = {
			isa = PBXGroup;
			children = (
				9AB9765D1B8159490079A194 /* SettingCollectionViewController.swift */,
				9AB9765E1B8159490079A194 /* SettingCollectionViewController.xib */,
			);
			name = Setting;
			sourceTree = "<group>";
		};
		9AB976611B8159530079A194 /* Setting */ = {
			isa = PBXGroup;
			children = (
				9AB976621B8159760079A194 /* SettingCollectionViewCell.swift */,
				9AB976631B8159760079A194 /* SettingCollectionViewCell.xib */,
				9A19BBD21B82A2FC00D75786 /* SettingHeaderView.swift */,
				9A19BBD31B82A2FC00D75786 /* SettingHeaderView.xib */,
			);
			name = Setting;
			sourceTree = "<group>";
		};
		9AB976691B81928A0079A194 /* Image */ = {
			isa = PBXGroup;
			children = (
				9AB9766A1B8192A70079A194 /* UIImage+Image2String.swift */,
			);
			name = Image;
			sourceTree = "<group>";
		};
		9AB9766C1B8193F40079A194 /* String */ = {
			isa = PBXGroup;
			children = (
				9AB9766D1B8194180079A194 /* String+String2Image.swift */,
			);
			name = String;
			sourceTree = "<group>";
		};
		9AE22D4B1B7ED1420024E221 = {
			isa = PBXGroup;
			children = (
				9AE22D561B7ED1430024E221 /* Nekobu */,
				9AE22D6C1B7ED1430024E221 /* NekobuTests */,
				9AE22D551B7ED1430024E221 /* Products */,
				ED6EF0CB4B84AACD8E3E8D00 /* Pods */,
				31C41909A3CCCE52B457CED6 /* Frameworks */,
			);
			sourceTree = "<group>";
		};
		9AE22D551B7ED1430024E221 /* Products */ = {
			isa = PBXGroup;
			children = (
				9AE22D541B7ED1430024E221 /* Nekobu.app */,
				9AE22D691B7ED1430024E221 /* NekobuTests.xctest */,
			);
			name = Products;
			sourceTree = "<group>";
		};
		9AE22D561B7ED1430024E221 /* Nekobu */ = {
			isa = PBXGroup;
			children = (
				9AE22DA01B7F00E50024E221 /* AppDelegate */,
				9AE22DC71B7F379E0024E221 /* Common */,
				9AE22D7F1B7ED7670024E221 /* Config */,
				9AE22DA41B7F01D30024E221 /* Model */,
				9AE22D891B7EE6A20024E221 /* View */,
				9AE22D861B7EE6800024E221 /* Controllers */,
				9AE22DA11B7F01010024E221 /* Storyboard */,
				9AE22D601B7ED1430024E221 /* Images.xcassets */,
				9AE22D621B7ED1430024E221 /* LaunchScreen.xib */,
				9AE22D7E1B7ED6C10024E221 /* Frameworks */,
				9AE22D571B7ED1430024E221 /* Supporting Files */,
			);
			path = Nekobu;
			sourceTree = "<group>";
		};
		9AE22D571B7ED1430024E221 /* Supporting Files */ = {
			isa = PBXGroup;
			children = (
				9AE22D581B7ED1430024E221 /* Info.plist */,
				9AB976661B81896A0079A194 /* Nekobu-Bridging-Header.h */,
			);
			name = "Supporting Files";
			sourceTree = "<group>";
		};
		9AE22D6C1B7ED1430024E221 /* NekobuTests */ = {
			isa = PBXGroup;
			children = (
				9AE22D6F1B7ED1430024E221 /* NekobuTests.swift */,
				9AE22D6D1B7ED1430024E221 /* Supporting Files */,
			);
			path = NekobuTests;
			sourceTree = "<group>";
		};
		9AE22D6D1B7ED1430024E221 /* Supporting Files */ = {
			isa = PBXGroup;
			children = (
				9AE22D6E1B7ED1430024E221 /* Info.plist */,
			);
			name = "Supporting Files";
			sourceTree = "<group>";
		};
		9AE22D7E1B7ED6C10024E221 /* Frameworks */ = {
			isa = PBXGroup;
			children = (
				9AB976581B80AF2C0079A194 /* DZNEmptyDataSet.framework */,
				9AE22DD21B8021AD0024E221 /* Realm.framework */,
				9AE22DD31B8021AD0024E221 /* RealmSwift.framework */,
				9AE22DA21B7F01690024E221 /* WebImage.framework */,
				9AE22D961B7EFA360024E221 /* CAPSPageMenu.swift */,
				9AE22D791B7ED41D0024E221 /* SwiftyJSON.framework */,
				9AE22D7A1B7ED41D0024E221 /* Alamofire.framework */,
			);
			name = Frameworks;
			sourceTree = "<group>";
		};
		9AE22D7F1B7ED7670024E221 /* Config */ = {
			isa = PBXGroup;
			children = (
				9AE22D801B7ED77A0024E221 /* Config.swift */,
			);
			name = Config;
			sourceTree = "<group>";
		};
		9AE22D861B7EE6800024E221 /* Controllers */ = {
			isa = PBXGroup;
			children = (
				9AB9765A1B8158C70079A194 /* Setting */,
				9AE22DB21B7F14330024E221 /* Detail */,
				9AE22DA71B7F0A900024E221 /* Favorite */,
				9AE22D981B7EFA460024E221 /* PageMenu */,
				9AE22D951B7EE92B0024E221 /* Top */,
				9AE22D941B7EE9230024E221 /* Base */,
			);
			name = Controllers;
			sourceTree = "<group>";
		};
		9AE22D891B7EE6A20024E221 /* View */ = {
			isa = PBXGroup;
			children = (
				9AB976611B8159530079A194 /* Setting */,
				9AE22DAD1B7F0B0B0024E221 /* Favorite */,
				9AE22DAC1B7F0B050024E221 /* Top */,
			);
			name = View;
			sourceTree = "<group>";
		};
		9AE22D8E1B7EE7450024E221 /* UI */ = {
			isa = PBXGroup;
			children = (
				9AB9766C1B8193F40079A194 /* String */,
				9AB976691B81928A0079A194 /* Image */,
				9AE22DD81B8046B20024E221 /* Button */,
				9AE22DCB1B7F512B0024E221 /* Constraint */,
				9AE22DC41B7F35EA0024E221 /* ImageView */,
				9AE22DB91B7F30350024E221 /* Animation */,
				9AE22D9B1B7EFAEA0024E221 /* Color */,
				9AE22D8F1B7EE74D0024E221 /* CollectionView */,
			);
			name = UI;
			sourceTree = "<group>";
		};
		9AE22D8F1B7EE74D0024E221 /* CollectionView */ = {
			isa = PBXGroup;
			children = (
				9AE22D901B7EE7660024E221 /* UICollectionView+NibSetting.swift */,
			);
			name = CollectionView;
			sourceTree = "<group>";
		};
		9AE22D941B7EE9230024E221 /* Base */ = {
			isa = PBXGroup;
			children = (
				9AE22D921B7EE8620024E221 /* BaseCollectionViewController.swift */,
				9A6C75CD1B86952200956212 /* PhotoCollectionViewController.swift */,
			);
			name = Base;
			sourceTree = "<group>";
		};
		9AE22D951B7EE92B0024E221 /* Top */ = {
			isa = PBXGroup;
			children = (
				9AE22D871B7EE69A0024E221 /* TopCollectionViewController.swift */,
				9AE22D9E1B7EFB7D0024E221 /* TopCollectionViewController.xib */,
			);
			name = Top;
			sourceTree = "<group>";
		};
		9AE22D981B7EFA460024E221 /* PageMenu */ = {
			isa = PBXGroup;
			children = (
				9AE22D991B7EFA610024E221 /* PageMenuViewController.swift */,
			);
			name = PageMenu;
			sourceTree = "<group>";
		};
		9AE22D9B1B7EFAEA0024E221 /* Color */ = {
			isa = PBXGroup;
			children = (
				9AE22D9C1B7EFB070024E221 /* Color.swift */,
			);
			name = Color;
			sourceTree = "<group>";
		};
		9AE22DA01B7F00E50024E221 /* AppDelegate */ = {
			isa = PBXGroup;
			children = (
				9AE22D591B7ED1430024E221 /* AppDelegate.swift */,
			);
			name = AppDelegate;
			sourceTree = "<group>";
		};
		9AE22DA11B7F01010024E221 /* Storyboard */ = {
			isa = PBXGroup;
			children = (
				9AE22D5D1B7ED1430024E221 /* Main.storyboard */,
			);
			name = Storyboard;
			sourceTree = "<group>";
		};
		9AE22DA41B7F01D30024E221 /* Model */ = {
			isa = PBXGroup;
			children = (
				9AE22DA51B7F04180024E221 /* Media.swift */,
				9AE22DD01B8018510024E221 /* Video.swift */,
				9AE22DCE1B7F67700024E221 /* Pagination.swift */,
				9AE22DD61B8022130024E221 /* Favorite.swift */,
			);
			name = Model;
			sourceTree = "<group>";
		};
		9AE22DA71B7F0A900024E221 /* Favorite */ = {
			isa = PBXGroup;
			children = (
				9AE22DA81B7F0ABA0024E221 /* FavoriteCollectionViewController.swift */,
				9AE22DA91B7F0ABA0024E221 /* FavoriteCollectionViewController.xib */,
				9AB976561B80AEA50079A194 /* FavoriteCollectionViewController+DZNEmptyDataSet.swift */,
			);
			name = Favorite;
			sourceTree = "<group>";
		};
		9AE22DAC1B7F0B050024E221 /* Top */ = {
			isa = PBXGroup;
			children = (
				9AE22D8A1B7EE6BF0024E221 /* TopCollectionViewCell.swift */,
				9AE22D8B1B7EE6BF0024E221 /* TopCollectionViewCell.xib */,
			);
			name = Top;
			sourceTree = "<group>";
		};
		9AE22DAD1B7F0B0B0024E221 /* Favorite */ = {
			isa = PBXGroup;
			children = (
				9AE22DAE1B7F0B270024E221 /* FavoriteCollectionViewCell.swift */,
				9AE22DAF1B7F0B270024E221 /* FavoriteCollectionViewCell.xib */,
			);
			name = Favorite;
			sourceTree = "<group>";
		};
		9AE22DB21B7F14330024E221 /* Detail */ = {
			isa = PBXGroup;
			children = (
				9AE22DB31B7F167D0024E221 /* BlurredBackgroundPresentationController.swift */,
				9AE22DB51B7F22530024E221 /* PhotoDetailViewController.swift */,
				9AE22DB61B7F22530024E221 /* PhotoDetailViewController.xib */,
			);
			name = Detail;
			sourceTree = "<group>";
		};
		9AE22DB91B7F30350024E221 /* Animation */ = {
			isa = PBXGroup;
			children = (
				9AE22DBE1B7F32CF0024E221 /* PresentationManager.swift */,
				9AE22DC01B7F32FA0024E221 /* TransitionPresentationAnimator.swift */,
				9AE22DC21B7F33170024E221 /* TransitionDismissAnimator.swift */,
			);
			name = Animation;
			sourceTree = "<group>";
		};
		9AE22DC41B7F35EA0024E221 /* ImageView */ = {
			isa = PBXGroup;
			children = (
				9AE22DC51B7F36050024E221 /* ImageView+SDWebImage.swift */,
			);
			name = ImageView;
			sourceTree = "<group>";
		};
		9AE22DC71B7F379E0024E221 /* Common */ = {
			isa = PBXGroup;
			children = (
				9AE22DC81B7F37AB0024E221 /* NetWorking */,
				9AE22D8E1B7EE7450024E221 /* UI */,
			);
			name = Common;
			sourceTree = "<group>";
		};
		9AE22DC81B7F37AB0024E221 /* NetWorking */ = {
			isa = PBXGroup;
			children = (
				9AE22DC91B7F37CA0024E221 /* SwiftyJSON+Request.swift */,
			);
			name = NetWorking;
			sourceTree = "<group>";
		};
		9AE22DCB1B7F512B0024E221 /* Constraint */ = {
			isa = PBXGroup;
			children = (
				9AE22DCC1B7F513D0024E221 /* PageMenuConstraint.swift */,
			);
			name = Constraint;
			sourceTree = "<group>";
		};
		9AE22DD81B8046B20024E221 /* Button */ = {
			isa = PBXGroup;
			children = (
				9AE22DD91B8046C60024E221 /* UIButton+AnimationExtension.swift */,
			);
			name = Button;
			sourceTree = "<group>";
		};
		ED6EF0CB4B84AACD8E3E8D00 /* Pods */ = {
			isa = PBXGroup;
			children = (
				07FDB047653FF62FC9653927 /* Pods.debug.xcconfig */,
				31F9B4C17813FC45BEC8DD84 /* Pods.release.xcconfig */,
			);
			name = Pods;
			sourceTree = "<group>";
		};
/* End PBXGroup section */

/* Begin PBXNativeTarget section */
		9AE22D531B7ED1420024E221 /* Nekobu */ = {
			isa = PBXNativeTarget;
			buildConfigurationList = 9AE22D731B7ED1430024E221 /* Build configuration list for PBXNativeTarget "Nekobu" */;
			buildPhases = (
				9046EF8DCBF46DB66DF1045D /* Check Pods Manifest.lock */,
				9AE22D501B7ED1420024E221 /* Sources */,
				9AE22D511B7ED1420024E221 /* Frameworks */,
				9AE22D521B7ED1420024E221 /* Resources */,
				9AE22D7D1B7ED44C0024E221 /* ShellScript */,
				9D8B0183623ABBD2FC23D13C /* Copy Pods Resources */,
			);
			buildRules = (
			);
			dependencies = (
			);
			name = Nekobu;
			productName = Nekobu;
			productReference = 9AE22D541B7ED1430024E221 /* Nekobu.app */;
			productType = "com.apple.product-type.application";
		};
		9AE22D681B7ED1430024E221 /* NekobuTests */ = {
			isa = PBXNativeTarget;
			buildConfigurationList = 9AE22D761B7ED1430024E221 /* Build configuration list for PBXNativeTarget "NekobuTests" */;
			buildPhases = (
				9AE22D651B7ED1430024E221 /* Sources */,
				9AE22D661B7ED1430024E221 /* Frameworks */,
				9AE22D671B7ED1430024E221 /* Resources */,
			);
			buildRules = (
			);
			dependencies = (
				9AE22D6B1B7ED1430024E221 /* PBXTargetDependency */,
			);
			name = NekobuTests;
			productName = NekobuTests;
			productReference = 9AE22D691B7ED1430024E221 /* NekobuTests.xctest */;
			productType = "com.apple.product-type.bundle.unit-test";
		};
/* End PBXNativeTarget section */

/* Begin PBXProject section */
		9AE22D4C1B7ED1420024E221 /* Project object */ = {
			isa = PBXProject;
			attributes = {
				LastUpgradeCheck = 0640;
				ORGANIZATIONNAME = naoyashiga;
				TargetAttributes = {
					9AE22D531B7ED1420024E221 = {
						CreatedOnToolsVersion = 6.4;
					};
					9AE22D681B7ED1430024E221 = {
						CreatedOnToolsVersion = 6.4;
						TestTargetID = 9AE22D531B7ED1420024E221;
					};
				};
			};
			buildConfigurationList = 9AE22D4F1B7ED1420024E221 /* Build configuration list for PBXProject "Nekobu" */;
			compatibilityVersion = "Xcode 3.2";
			developmentRegion = English;
			hasScannedForEncodings = 0;
			knownRegions = (
				en,
				Base,
			);
			mainGroup = 9AE22D4B1B7ED1420024E221;
			productRefGroup = 9AE22D551B7ED1430024E221 /* Products */;
			projectDirPath = "";
			projectRoot = "";
			targets = (
				9AE22D531B7ED1420024E221 /* Nekobu */,
				9AE22D681B7ED1430024E221 /* NekobuTests */,
			);
		};
/* End PBXProject section */

/* Begin PBXResourcesBuildPhase section */
		9AE22D521B7ED1420024E221 /* Resources */ = {
			isa = PBXResourcesBuildPhase;
			buildActionMask = 2147483647;
			files = (
				9AE22DAB1B7F0ABA0024E221 /* FavoriteCollectionViewController.xib in Resources */,
				9AB976651B8159760079A194 /* SettingCollectionViewCell.xib in Resources */,
				9AE22D8D1B7EE6BF0024E221 /* TopCollectionViewCell.xib in Resources */,
				9AE22DB81B7F22530024E221 /* PhotoDetailViewController.xib in Resources */,
				9AE22D5F1B7ED1430024E221 /* Main.storyboard in Resources */,
				9A19BBD51B82A2FC00D75786 /* SettingHeaderView.xib in Resources */,
				9AE22D641B7ED1430024E221 /* LaunchScreen.xib in Resources */,
				9AB976601B8159490079A194 /* SettingCollectionViewController.xib in Resources */,
				9AE22D9F1B7EFB7D0024E221 /* TopCollectionViewController.xib in Resources */,
				9AE22DB11B7F0B270024E221 /* FavoriteCollectionViewCell.xib in Resources */,
				9AE22D611B7ED1430024E221 /* Images.xcassets in Resources */,
			);
			runOnlyForDeploymentPostprocessing = 0;
		};
		9AE22D671B7ED1430024E221 /* Resources */ = {
			isa = PBXResourcesBuildPhase;
			buildActionMask = 2147483647;
			files = (
			);
			runOnlyForDeploymentPostprocessing = 0;
		};
/* End PBXResourcesBuildPhase section */

/* Begin PBXShellScriptBuildPhase section */
		9046EF8DCBF46DB66DF1045D /* Check Pods Manifest.lock */ = {
			isa = PBXShellScriptBuildPhase;
			buildActionMask = 2147483647;
			files = (
			);
			inputPaths = (
			);
			name = "Check Pods Manifest.lock";
			outputPaths = (
			);
			runOnlyForDeploymentPostprocessing = 0;
			shellPath = /bin/sh;
			shellScript = "diff \"${PODS_ROOT}/../Podfile.lock\" \"${PODS_ROOT}/Manifest.lock\" > /dev/null\nif [[ $? != 0 ]] ; then\n    cat << EOM\nerror: The sandbox is not in sync with the Podfile.lock. Run 'pod install' or update your CocoaPods installation.\nEOM\n    exit 1\nfi\n";
			showEnvVarsInLog = 0;
		};
		9AE22D7D1B7ED44C0024E221 /* ShellScript */ = {
			isa = PBXShellScriptBuildPhase;
			buildActionMask = 2147483647;
			files = (
			);
			inputPaths = (
				"$(SRCROOT)/Carthage/Build/iOS/Alamofire.framework",
				"$(SRCROOT)/Carthage/Build/iOS/SwiftyJSON.framework",
				"$(SRCROOT)/Carthage/Build/iOS/WebImage.framework",
				"$(SRCROOT)/Carthage/Build/iOS/Realm.framework",
				"$(SRCROOT)/Carthage/Build/iOS/RealmSwift.framework",
				"$(SRCROOT)/Carthage/Build/iOS/DZNEmptyDataSet.framework",
			);
			outputPaths = (
			);
			runOnlyForDeploymentPostprocessing = 0;
			shellPath = /bin/sh;
			shellScript = "/usr/local/bin/carthage copy-frameworks";
		};
		9D8B0183623ABBD2FC23D13C /* Copy Pods Resources */ = {
			isa = PBXShellScriptBuildPhase;
			buildActionMask = 2147483647;
			files = (
			);
			inputPaths = (
			);
			name = "Copy Pods Resources";
			outputPaths = (
			);
			runOnlyForDeploymentPostprocessing = 0;
			shellPath = /bin/sh;
			shellScript = "\"${SRCROOT}/Pods/Target Support Files/Pods/Pods-resources.sh\"\n";
			showEnvVarsInLog = 0;
		};
/* End PBXShellScriptBuildPhase section */

/* Begin PBXSourcesBuildPhase section */
		9AE22D501B7ED1420024E221 /* Sources */ = {
			isa = PBXSourcesBuildPhase;
			buildActionMask = 2147483647;
			files = (
				9AE22D9A1B7EFA610024E221 /* PageMenuViewController.swift in Sources */,
				9AE22D5A1B7ED1430024E221 /* AppDelegate.swift in Sources */,
				9A19BBD41B82A2FC00D75786 /* SettingHeaderView.swift in Sources */,
				9AE22DAA1B7F0ABA0024E221 /* FavoriteCollectionViewController.swift in Sources */,
				9AE22DCF1B7F67700024E221 /* Pagination.swift in Sources */,
				9AB9766E1B8194180079A194 /* String+String2Image.swift in Sources */,
				9AE22D9D1B7EFB070024E221 /* Color.swift in Sources */,
				9AE22DB01B7F0B270024E221 /* FavoriteCollectionViewCell.swift in Sources */,
				9AE22DB41B7F167D0024E221 /* BlurredBackgroundPresentationController.swift in Sources */,
				9AE22DD11B8018510024E221 /* Video.swift in Sources */,
				9AE22DCD1B7F513D0024E221 /* PageMenuConstraint.swift in Sources */,
				9AE22D8C1B7EE6BF0024E221 /* TopCollectionViewCell.swift in Sources */,
				9AE22DD71B8022130024E221 /* Favorite.swift in Sources */,
				9AB9765F1B8159490079A194 /* SettingCollectionViewController.swift in Sources */,
				9AE22DC31B7F33170024E221 /* TransitionDismissAnimator.swift in Sources */,
				9AE22DA61B7F04180024E221 /* Media.swift in Sources */,
				9AE22D881B7EE69A0024E221 /* TopCollectionViewController.swift in Sources */,
				9AB976571B80AEA50079A194 /* FavoriteCollectionViewController+DZNEmptyDataSet.swift in Sources */,
				9AE22DC11B7F32FA0024E221 /* TransitionPresentationAnimator.swift in Sources */,
				9AE22D931B7EE8620024E221 /* BaseCollectionViewController.swift in Sources */,
				9AE22DBF1B7F32CF0024E221 /* PresentationManager.swift in Sources */,
				9AE22DB71B7F22530024E221 /* PhotoDetailViewController.swift in Sources */,
				9AE22DDA1B8046C60024E221 /* UIButton+AnimationExtension.swift in Sources */,
				9AB9766B1B8192A70079A194 /* UIImage+Image2String.swift in Sources */,
				9AE22D811B7ED77A0024E221 /* Config.swift in Sources */,
				9AE22D971B7EFA360024E221 /* CAPSPageMenu.swift in Sources */,
				9AE22DC61B7F36050024E221 /* ImageView+SDWebImage.swift in Sources */,
				9AE22D911B7EE7660024E221 /* UICollectionView+NibSetting.swift in Sources */,
				9AB976641B8159760079A194 /* SettingCollectionViewCell.swift in Sources */,
				9A6C75CE1B86952200956212 /* PhotoCollectionViewController.swift in Sources */,
				9AE22DCA1B7F37CA0024E221 /* SwiftyJSON+Request.swift in Sources */,
			);
			runOnlyForDeploymentPostprocessing = 0;
		};
		9AE22D651B7ED1430024E221 /* Sources */ = {
			isa = PBXSourcesBuildPhase;
			buildActionMask = 2147483647;
			files = (
				9AE22D701B7ED1430024E221 /* NekobuTests.swift in Sources */,
			);
			runOnlyForDeploymentPostprocessing = 0;
		};
/* End PBXSourcesBuildPhase section */

/* Begin PBXTargetDependency section */
		9AE22D6B1B7ED1430024E221 /* PBXTargetDependency */ = {
			isa = PBXTargetDependency;
			target = 9AE22D531B7ED1420024E221 /* Nekobu */;
			targetProxy = 9AE22D6A1B7ED1430024E221 /* PBXContainerItemProxy */;
		};
/* End PBXTargetDependency section */

/* Begin PBXVariantGroup section */
		9AE22D5D1B7ED1430024E221 /* Main.storyboard */ = {
			isa = PBXVariantGroup;
			children = (
				9AE22D5E1B7ED1430024E221 /* Base */,
			);
			name = Main.storyboard;
			sourceTree = "<group>";
		};
		9AE22D621B7ED1430024E221 /* LaunchScreen.xib */ = {
			isa = PBXVariantGroup;
			children = (
				9AE22D631B7ED1430024E221 /* Base */,
			);
			name = LaunchScreen.xib;
			sourceTree = "<group>";
		};
/* End PBXVariantGroup section */

/* Begin XCBuildConfiguration section */
		9AE22D711B7ED1430024E221 /* Debug */ = {
			isa = XCBuildConfiguration;
			buildSettings = {
				ALWAYS_SEARCH_USER_PATHS = NO;
				CLANG_CXX_LANGUAGE_STANDARD = "gnu++0x";
				CLANG_CXX_LIBRARY = "libc++";
				CLANG_ENABLE_MODULES = YES;
				CLANG_ENABLE_OBJC_ARC = YES;
				CLANG_WARN_BOOL_CONVERSION = YES;
				CLANG_WARN_CONSTANT_CONVERSION = YES;
				CLANG_WARN_DIRECT_OBJC_ISA_USAGE = YES_ERROR;
				CLANG_WARN_EMPTY_BODY = YES;
				CLANG_WARN_ENUM_CONVERSION = YES;
				CLANG_WARN_INT_CONVERSION = YES;
				CLANG_WARN_OBJC_ROOT_CLASS = YES_ERROR;
				CLANG_WARN_UNREACHABLE_CODE = YES;
				CLANG_WARN__DUPLICATE_METHOD_MATCH = YES;
				CODE_SIGN_IDENTITY = "iPhone Developer: Naoya Sugimoto (5JW3B2ZP2Q)";
				"CODE_SIGN_IDENTITY[sdk=iphoneos*]" = "iPhone Developer: Naoya Sugimoto (5JW3B2ZP2Q)";
				COPY_PHASE_STRIP = NO;
				DEBUG_INFORMATION_FORMAT = "dwarf-with-dsym";
				ENABLE_STRICT_OBJC_MSGSEND = YES;
				GCC_C_LANGUAGE_STANDARD = gnu99;
				GCC_DYNAMIC_NO_PIC = NO;
				GCC_NO_COMMON_BLOCKS = YES;
				GCC_OPTIMIZATION_LEVEL = 0;
				GCC_PREPROCESSOR_DEFINITIONS = (
					"DEBUG=1",
					"$(inherited)",
				);
				GCC_SYMBOLS_PRIVATE_EXTERN = NO;
				GCC_WARN_64_TO_32_BIT_CONVERSION = YES;
				GCC_WARN_ABOUT_RETURN_TYPE = YES_ERROR;
				GCC_WARN_UNDECLARED_SELECTOR = YES;
				GCC_WARN_UNINITIALIZED_AUTOS = YES_AGGRESSIVE;
				GCC_WARN_UNUSED_FUNCTION = YES;
				GCC_WARN_UNUSED_VARIABLE = YES;
				IPHONEOS_DEPLOYMENT_TARGET = 8.4;
				MTL_ENABLE_DEBUG_INFO = YES;
				ONLY_ACTIVE_ARCH = YES;
				PROVISIONING_PROFILE = "0d946c6e-8cb9-4df4-afab-4c9de01fd9f7";
				SDKROOT = iphoneos;
				SWIFT_OPTIMIZATION_LEVEL = "-Onone";
			};
			name = Debug;
		};
		9AE22D721B7ED1430024E221 /* Release */ = {
			isa = XCBuildConfiguration;
			buildSettings = {
				ALWAYS_SEARCH_USER_PATHS = NO;
				CLANG_CXX_LANGUAGE_STANDARD = "gnu++0x";
				CLANG_CXX_LIBRARY = "libc++";
				CLANG_ENABLE_MODULES = YES;
				CLANG_ENABLE_OBJC_ARC = YES;
				CLANG_WARN_BOOL_CONVERSION = YES;
				CLANG_WARN_CONSTANT_CONVERSION = YES;
				CLANG_WARN_DIRECT_OBJC_ISA_USAGE = YES_ERROR;
				CLANG_WARN_EMPTY_BODY = YES;
				CLANG_WARN_ENUM_CONVERSION = YES;
				CLANG_WARN_INT_CONVERSION = YES;
				CLANG_WARN_OBJC_ROOT_CLASS = YES_ERROR;
				CLANG_WARN_UNREACHABLE_CODE = YES;
				CLANG_WARN__DUPLICATE_METHOD_MATCH = YES;
				CODE_SIGN_IDENTITY = "iPhone Developer: Naoya Sugimoto (5JW3B2ZP2Q)";
				"CODE_SIGN_IDENTITY[sdk=iphoneos*]" = "iPhone Developer: Naoya Sugimoto (5JW3B2ZP2Q)";
				COPY_PHASE_STRIP = NO;
				DEBUG_INFORMATION_FORMAT = "dwarf-with-dsym";
				ENABLE_NS_ASSERTIONS = NO;
				ENABLE_STRICT_OBJC_MSGSEND = YES;
				GCC_C_LANGUAGE_STANDARD = gnu99;
				GCC_NO_COMMON_BLOCKS = YES;
				GCC_WARN_64_TO_32_BIT_CONVERSION = YES;
				GCC_WARN_ABOUT_RETURN_TYPE = YES_ERROR;
				GCC_WARN_UNDECLARED_SELECTOR = YES;
				GCC_WARN_UNINITIALIZED_AUTOS = YES_AGGRESSIVE;
				GCC_WARN_UNUSED_FUNCTION = YES;
				GCC_WARN_UNUSED_VARIABLE = YES;
				IPHONEOS_DEPLOYMENT_TARGET = 8.4;
				MTL_ENABLE_DEBUG_INFO = NO;
				PROVISIONING_PROFILE = "0d946c6e-8cb9-4df4-afab-4c9de01fd9f7";
				SDKROOT = iphoneos;
				VALIDATE_PRODUCT = YES;
			};
			name = Release;
		};
		9AE22D741B7ED1430024E221 /* Debug */ = {
			isa = XCBuildConfiguration;
			baseConfigurationReference = 07FDB047653FF62FC9653927 /* Pods.debug.xcconfig */;
			buildSettings = {
				ASSETCATALOG_COMPILER_APPICON_NAME = AppIcon;
				CLANG_ENABLE_MODULES = YES;
				CODE_SIGN_IDENTITY = "iPhone Developer: Naoya Sugimoto (5JW3B2ZP2Q)";
				FRAMEWORK_SEARCH_PATHS = (
					"$(inherited)",
					"$(PROJECT_DIR)/Carthage/Build/iOS",
				);
				INFOPLIST_FILE = Nekobu/Info.plist;
				LD_RUNPATH_SEARCH_PATHS = "$(inherited) @executable_path/Frameworks";
				PRODUCT_NAME = "$(TARGET_NAME)";
				PROVISIONING_PROFILE = "0d946c6e-8cb9-4df4-afab-4c9de01fd9f7";
				SWIFT_OBJC_BRIDGING_HEADER = "Nekobu/Nekobu-Bridging-Header.h";
				SWIFT_OPTIMIZATION_LEVEL = "-Onone";
			};
			name = Debug;
		};
		9AE22D751B7ED1430024E221 /* Release */ = {
			isa = XCBuildConfiguration;
			baseConfigurationReference = 31F9B4C17813FC45BEC8DD84 /* Pods.release.xcconfig */;
			buildSettings = {
				ASSETCATALOG_COMPILER_APPICON_NAME = AppIcon;
				CLANG_ENABLE_MODULES = YES;
				CODE_SIGN_IDENTITY = "iPhone Developer: Naoya Sugimoto (5JW3B2ZP2Q)";
				FRAMEWORK_SEARCH_PATHS = (
					"$(inherited)",
					"$(PROJECT_DIR)/Carthage/Build/iOS",
				);
				INFOPLIST_FILE = Nekobu/Info.plist;
				LD_RUNPATH_SEARCH_PATHS = "$(inherited) @executable_path/Frameworks";
				PRODUCT_NAME = "$(TARGET_NAME)";
				PROVISIONING_PROFILE = "0d946c6e-8cb9-4df4-afab-4c9de01fd9f7";
				SWIFT_OBJC_BRIDGING_HEADER = "Nekobu/Nekobu-Bridging-Header.h";
			};
			name = Release;
		};
		9AE22D771B7ED1430024E221 /* Debug */ = {
			isa = XCBuildConfiguration;
			buildSettings = {
				BUNDLE_LOADER = "$(TEST_HOST)";
				FRAMEWORK_SEARCH_PATHS = (
					"$(SDKROOT)/Developer/Library/Frameworks",
					"$(inherited)",
				);
				GCC_PREPROCESSOR_DEFINITIONS = (
					"DEBUG=1",
					"$(inherited)",
				);
				INFOPLIST_FILE = NekobuTests/Info.plist;
				LD_RUNPATH_SEARCH_PATHS = "$(inherited) @executable_path/Frameworks @loader_path/Frameworks";
				PRODUCT_NAME = "$(TARGET_NAME)";
				TEST_HOST = "$(BUILT_PRODUCTS_DIR)/Nekobu.app/Nekobu";
			};
			name = Debug;
		};
		9AE22D781B7ED1430024E221 /* Release */ = {
			isa = XCBuildConfiguration;
			buildSettings = {
				BUNDLE_LOADER = "$(TEST_HOST)";
				FRAMEWORK_SEARCH_PATHS = (
					"$(SDKROOT)/Developer/Library/Frameworks",
					"$(inherited)",
				);
				INFOPLIST_FILE = NekobuTests/Info.plist;
				LD_RUNPATH_SEARCH_PATHS = "$(inherited) @executable_path/Frameworks @loader_path/Frameworks";
				PRODUCT_NAME = "$(TARGET_NAME)";
				TEST_HOST = "$(BUILT_PRODUCTS_DIR)/Nekobu.app/Nekobu";
			};
			name = Release;
		};
/* End XCBuildConfiguration section */

/* Begin XCConfigurationList section */
		9AE22D4F1B7ED1420024E221 /* Build configuration list for PBXProject "Nekobu" */ = {
			isa = XCConfigurationList;
			buildConfigurations = (
				9AE22D711B7ED1430024E221 /* Debug */,
				9AE22D721B7ED1430024E221 /* Release */,
			);
			defaultConfigurationIsVisible = 0;
			defaultConfigurationName = Release;
		};
		9AE22D731B7ED1430024E221 /* Build configuration list for PBXNativeTarget "Nekobu" */ = {
			isa = XCConfigurationList;
			buildConfigurations = (
				9AE22D741B7ED1430024E221 /* Debug */,
				9AE22D751B7ED1430024E221 /* Release */,
			);
			defaultConfigurationIsVisible = 0;
			defaultConfigurationName = Release;
		};
		9AE22D761B7ED1430024E221 /* Build configuration list for PBXNativeTarget "NekobuTests" */ = {
			isa = XCConfigurationList;
			buildConfigurations = (
				9AE22D771B7ED1430024E221 /* Debug */,
				9AE22D781B7ED1430024E221 /* Release */,
			);
			defaultConfigurationIsVisible = 0;
			defaultConfigurationName = Release;
		};
/* End XCConfigurationList section */
	};
	rootObject = 9AE22D4C1B7ED1420024E221 /* Project object */;
}
